// !$*UTF8*$!
{
	archiveVersion = 1;
	classes = {
	};
	objectVersion = 46;
	objects = {

/* Begin PBXBuildFile section */
		F4D48FA81CCE7D6500CD5817 /* AppDelegate.swift in Sources */ = {isa = PBXBuildFile; fileRef = F4D48FA71CCE7D6500CD5817 /* AppDelegate.swift */; };
		F4D48FAA1CCE7D6500CD5817 /* ViewController.swift in Sources */ = {isa = PBXBuildFile; fileRef = F4D48FA91CCE7D6500CD5817 /* ViewController.swift */; };
		F4D48FAD1CCE7D6500CD5817 /* Main.storyboard in Resources */ = {isa = PBXBuildFile; fileRef = F4D48FAB1CCE7D6500CD5817 /* Main.storyboard */; };
		F4D48FAF1CCE7D6500CD5817 /* Assets.xcassets in Resources */ = {isa = PBXBuildFile; fileRef = F4D48FAE1CCE7D6500CD5817 /* Assets.xcassets */; };
		F4D48FB21CCE7D6500CD5817 /* LaunchScreen.storyboard in Resources */ = {isa = PBXBuildFile; fileRef = F4D48FB01CCE7D6500CD5817 /* LaunchScreen.storyboard */; };
		F4D48FBA1CCE873300CD5817 /* Minecraft.ttf in Resources */ = {isa = PBXBuildFile; fileRef = F4D48FB91CCE873300CD5817 /* Minecraft.ttf */; };
		F4D48FBC1CCFDA6100CD5817 /* btn.wav in Resources */ = {isa = PBXBuildFile; fileRef = F4D48FBB1CCFDA6100CD5817 /* btn.wav */; };
/* End PBXBuildFile section */

/* Begin PBXFileReference section */
		F4D48FA41CCE7D6500CD5817 /* retroCalculator.app */ = {isa = PBXFileReference; explicitFileType = wrapper.application; includeInIndex = 0; path = retroCalculator.app; sourceTree = BUILT_PRODUCTS_DIR; };
		F4D48FA71CCE7D6500CD5817 /* AppDelegate.swift */ = {isa = PBXFileReference; lastKnownFileType = sourcecode.swift; path = AppDelegate.swift; sourceTree = "<group>"; };
		F4D48FA91CCE7D6500CD5817 /* ViewController.swift */ = {isa = PBXFileReference; lastKnownFileType = sourcecode.swift; path = ViewController.swift; sourceTree = "<group>"; };
		F4D48FAC1CCE7D6500CD5817 /* Base */ = {isa = PBXFileReference; lastKnownFileType = file.storyboard; name = Base; path = Base.lproj/Main.storyboard; sourceTree = "<group>"; };
		F4D48FAE1CCE7D6500CD5817 /* Assets.xcassets */ = {isa = PBXFileReference; lastKnownFileType = folder.assetcatalog; path = Assets.xcassets; sourceTree = "<group>"; };
		F4D48FB11CCE7D6500CD5817 /* Base */ = {isa = PBXFileReference; lastKnownFileType = file.storyboard; name = Base; path = Base.lproj/LaunchScreen.storyboard; sourceTree = "<group>"; };
		F4D48FB31CCE7D6500CD5817 /* Info.plist */ = {isa = PBXFileReference; lastKnownFileType = text.plist.xml; path = Info.plist; sourceTree = "<group>"; };
		F4D48FB91CCE873300CD5817 /* Minecraft.ttf */ = {isa = PBXFileReference; lastKnownFileType = file; path = Minecraft.ttf; sourceTree = "<group>"; };
		F4D48FBB1CCFDA6100CD5817 /* btn.wav */ = {isa = PBXFileReference; lastKnownFileType = audio.wav; path = btn.wav; sourceTree = "<group>"; };
/* End PBXFileReference section */

/* Begin PBXFrameworksBuildPhase section */
		F4D48FA11CCE7D6500CD5817 /* Frameworks */ = {
			isa = PBXFrameworksBuildPhase;
			buildActionMask = 2147483647;
			files = (
			);
			runOnlyForDeploymentPostprocessing = 0;
		};
/* End PBXFrameworksBuildPhase section */

/* Begin PBXGroup section */
		F4D48F9B1CCE7D6500CD5817 = {
			isa = PBXGroup;
			children = (
				F4D48FA61CCE7D6500CD5817 /* retroCalculator */,
				F4D48FA51CCE7D6500CD5817 /* Products */,
			);
			sourceTree = "<group>";
		};
		F4D48FA51CCE7D6500CD5817 /* Products */ = {
			isa = PBXGroup;
			children = (
				F4D48FA41CCE7D6500CD5817 /* retroCalculator.app */,
			);
			name = Products;
			sourceTree = "<group>";
		};
		F4D48FA61CCE7D6500CD5817 /* retroCalculator */ = {
			isa = PBXGroup;
			children = (
				F4D48FB91CCE873300CD5817 /* Minecraft.ttf */,
				F4D48FBB1CCFDA6100CD5817 /* btn.wav */,
				F4D48FA71CCE7D6500CD5817 /* AppDelegate.swift */,
				F4D48FA91CCE7D6500CD5817 /* ViewController.swift */,
				F4D48FAB1CCE7D6500CD5817 /* Main.storyboard */,
				F4D48FAE1CCE7D6500CD5817 /* Assets.xcassets */,
				F4D48FB01CCE7D6500CD5817 /* LaunchScreen.storyboard */,
				F4D48FB31CCE7D6500CD5817 /* Info.plist */,
			);
			path = retroCalculator;
			sourceTree = "<group>";
		};
/* End PBXGroup section */

/* Begin PBXNativeTarget section */
		F4D48FA31CCE7D6500CD5817 /* retroCalculator */ = {
			isa = PBXNativeTarget;
			buildConfigurationList = F4D48FB61CCE7D6500CD5817 /* Build configuration list for PBXNativeTarget "retroCalculator" */;
			buildPhases = (
				F4D48FA01CCE7D6500CD5817 /* Sources */,
				F4D48FA11CCE7D6500CD5817 /* Frameworks */,
				F4D48FA21CCE7D6500CD5817 /* Resources */,
			);
			buildRules = (
			);
			dependencies = (
			);
			name = retroCalculator;
			productName = retroCalculator;
			productReference = F4D48FA41CCE7D6500CD5817 /* retroCalculator.app */;
			productType = "com.apple.product-type.application";
		};
/* End PBXNativeTarget section */

/* Begin PBXProject section */
		F4D48F9C1CCE7D6500CD5817 /* Project object */ = {
			isa = PBXProject;
			attributes = {
				LastSwiftUpdateCheck = 0730;
				LastUpgradeCheck = 0730;
				ORGANIZATIONNAME = "Farshid Palad";
				TargetAttributes = {
					F4D48FA31CCE7D6500CD5817 = {
						CreatedOnToolsVersion = 7.3;
						DevelopmentTeam = 8HY9EM2ESW;
					};
				};
			};
			buildConfigurationList = F4D48F9F1CCE7D6500CD5817 /* Build configuration list for PBXProject "retroCalculator" */;
			compatibilityVersion = "Xcode 3.2";
			developmentRegion = English;
			hasScannedForEncodings = 0;
			knownRegions = (
				en,
				Base,
			);
			mainGroup = F4D48F9B1CCE7D6500CD5817;
			productRefGroup = F4D48FA51CCE7D6500CD5817 /* Products */;
			projectDirPath = "";
			projectRoot = "";
			targets = (
				F4D48FA31CCE7D6500CD5817 /* retroCalculator */,
			);
		};
/* End PBXProject section */

/* Begin PBXResourcesBuildPhase section */
		F4D48FA21CCE7D6500CD5817 /* Resources */ = {
			isa = PBXResourcesBuildPhase;
			buildActionMask = 2147483647;
			files = (
				F4D48FBC1CCFDA6100CD5817 /* btn.wav in Resources */,
				F4D48FB21CCE7D6500CD5817 /* LaunchScreen.storyboard in Resources */,
				F4D48FAF1CCE7D6500CD5817 /* Assets.xcassets in Resources */,
				F4D48FBA1CCE873300CD5817 /* Minecraft.ttf in Resources */,
				F4D48FAD1CCE7D6500CD5817 /* Main.storyboard in Resources */,
			);
			runOnlyForDeploymentPostprocessing = 0;
		};
/* End PBXResourcesBuildPhase section */

/* Begin PBXSourcesBuildPhase section */
		F4D48FA01CCE7D6500CD5817 /* Sources */ = {
			isa = PBXSourcesBuildPhase;
			buildActionMask = 2147483647;
			files = (
				F4D48FAA1CCE7D6500CD5817 /* ViewController.swift in Sources */,
				F4D48FA81CCE7D6500CD5817 /* AppDelegate.swift in Sources */,
			);
			runOnlyForDeploymentPostprocessing = 0;
		};
/* End PBXSourcesBuildPhase section */

/* Begin PBXVariantGroup section */
		F4D48FAB1CCE7D6500CD5817 /* Main.storyboard */ = {
			isa = PBXVariantGroup;
			children = (
				F4D48FAC1CCE7D6500CD5817 /* Base */,
			);
			name = Main.storyboard;
			sourceTree = "<group>";
		};
		F4D48FB01CCE7D6500CD5817 /* LaunchScreen.storyboard */ = {
			isa = PBXVariantGroup;
			children = (
				F4D48FB11CCE7D6500CD5817 /* Base */,
			);
			name = LaunchScreen.storyboard;
			sourceTree = "<group>";
		};
/* End PBXVariantGroup section */

/* Begin XCBuildConfiguration section */
		F4D48FB41CCE7D6500CD5817 /* Debug */ = {
			isa = XCBuildConfiguration;
			buildSettings = {
				ALWAYS_SEARCH_USER_PATHS = NO;
				CLANG_ANALYZER_NONNULL = YES;
				CLANG_CXX_LANGUAGE_STANDARD = "gnu++0x";
				CLANG_CXX_LIBRARY = "libc++";
				CLANG_ENABLE_MODULES = YES;
				CLANG_ENABLE_OBJC_ARC = YES;
				CLANG_WARN_BOOL_CONVERSION = YES;
				CLANG_WARN_CONSTANT_CONVERSION = YES;
				CLANG_WARN_DIRECT_OBJC_ISA_USAGE = YES_ERROR;
				CLANG_WARN_EMPTY_BODY = YES;
				CLANG_WARN_ENUM_CONVERSION = YES;
				CLANG_WARN_INT_CONVERSION = YES;
				CLANG_WARN_OBJC_ROOT_CLASS = YES_ERROR;
				CLANG_WARN_UNREACHABLE_CODE = YES;
				CLANG_WARN__DUPLICATE_METHOD_MATCH = YES;
				"CODE_SIGN_IDENTITY[sdk=iphoneos*]" = "iPhone Developer";
				COPY_PHASE_STRIP = NO;
				DEBUG_INFORMATION_FORMAT = dwarf;
				ENABLE_STRICT_OBJC_MSGSEND = YES;
				ENABLE_TESTABILITY = YES;
				GCC_C_LANGUAGE_STANDARD = gnu99;
				GCC_DYNAMIC_NO_PIC = NO;
				GCC_NO_COMMON_BLOCKS = YES;
				GCC_OPTIMIZATION_LEVEL = 0;
				GCC_PREPROCESSOR_DEFINITIONS = (
					"DEBUG=1",
					"$(inherited)",
				);
				GCC_WARN_64_TO_32_BIT_CONVERSION = YES;
				GCC_WARN_ABOUT_RETURN_TYPE = YES_ERROR;
				GCC_WARN_UNDECLARED_SELECTOR = YES;
				GCC_WARN_UNINITIALIZED_AUTOS = YES_AGGRESSIVE;
				GCC_WARN_UNUSED_FUNCTION = YES;
				GCC_WARN_UNUSED_VARIABLE = YES;
				IPHONEOS_DEPLOYMENT_TARGET = 9.3;
				MTL_ENABLE_DEBUG_INFO = YES;
				ONLY_ACTIVE_ARCH = YES;
				SDKROOT = iphoneos;
				SWIFT_OPTIMIZATION_LEVEL = "-Onone";
			};
			name = Debug;
		};
		F4D48FB51CCE7D6500CD5817 /* Release */ = {
			isa = XCBuildConfiguration;
			buildSettings = {
				ALWAYS_SEARCH_USER_PATHS = NO;
				CLANG_ANALYZER_NONNULL = YES;
				CLANG_CXX_LANGUAGE_STANDARD = "gnu++0x";
				CLANG_CXX_LIBRARY = "libc++";
				CLANG_ENABLE_MODULES = YES;
				CLANG_ENABLE_OBJC_ARC = YES;
				CLANG_WARN_BOOL_CONVERSION = YES;
				CLANG_WARN_CONSTANT_CONVERSION = YES;
				CLANG_WARN_DIRECT_OBJC_ISA_USAGE = YES_ERROR;
				CLANG_WARN_EMPTY_BODY = YES;
				CLANG_WARN_ENUM_CONVERSION = YES;
				CLANG_WARN_INT_CONVERSION = YES;
				CLANG_WARN_OBJC_ROOT_CLASS = YES_ERROR;
				CLANG_WARN_UNREACHABLE_CODE = YES;
				CLANG_WARN__DUPLICATE_METHOD_MATCH = YES;
				"CODE_SIGN_IDENTITY[sdk=iphoneos*]" = "iPhone Developer";
				COPY_PHASE_STRIP = NO;
				DEBUG_INFORMATION_FORMAT = "dwarf-with-dsym";
				ENABLE_NS_ASSERTIONS = NO;
				ENABLE_STRICT_OBJC_MSGSEND = YES;
				GCC_C_LANGUAGE_STANDARD = gnu99;
				GCC_NO_COMMON_BLOCKS = YES;
				GCC_WARN_64_TO_32_BIT_CONVERSION = YES;
				GCC_WARN_ABOUT_RETURN_TYPE = YES_ERROR;
				GCC_WARN_UNDECLARED_SELECTOR = YES;
				GCC_WARN_UNINITIALIZED_AUTOS = YES_AGGRESSIVE;
				GCC_WARN_UNUSED_FUNCTION = YES;
				GCC_WARN_UNUSED_VARIABLE = YES;
				IPHONEOS_DEPLOYMENT_TARGET = 9.3;
				MTL_ENABLE_DEBUG_INFO = NO;
				SDKROOT = iphoneos;
				VALIDATE_PRODUCT = YES;
			};
			name = Release;
		};
		F4D48FB71CCE7D6500CD5817 /* Debug */ = {
			isa = XCBuildConfiguration;
			buildSettings = {
				ASSETCATALOG_COMPILER_APPICON_NAME = AppIcon;
				INFOPLIST_FILE = retroCalculator/Info.plist;
				LD_RUNPATH_SEARCH_PATHS = "$(inherited) @executable_path/Frameworks";
				PRODUCT_BUNDLE_IDENTIFIER = com.farshidpalad.retroCalculator;
				PRODUCT_NAME = "$(TARGET_NAME)";
			};
			name = Debug;
		};
		F4D48FB81CCE7D6500CD5817 /* Release */ = {
			isa = XCBuildConfiguration;
			buildSettings = {
				ASSETCATALOG_COMPILER_APPICON_NAME = AppIcon;
				INFOPLIST_FILE = retroCalculator/Info.plist;
				LD_RUNPATH_SEARCH_PATHS = "$(inherited) @executable_path/Frameworks";
				PRODUCT_BUNDLE_IDENTIFIER = com.farshidpalad.retroCalculator;
				PRODUCT_NAME = "$(TARGET_NAME)";
			};
			name = Release;
		};
/* End XCBuildConfiguration section */

/* Begin XCConfigurationList section */
		F4D48F9F1CCE7D6500CD5817 /* Build configuration list for PBXProject "retroCalculator" */ = {
			isa = XCConfigurationList;
			buildConfigurations = (
				F4D48FB41CCE7D6500CD5817 /* Debug */,
				F4D48FB51CCE7D6500CD5817 /* Release */,
			);
			defaultConfigurationIsVisible = 0;
			defaultConfigurationName = Release;
		};
		F4D48FB61CCE7D6500CD5817 /* Build configuration list for PBXNativeTarget "retroCalculator" */ = {
			isa = XCConfigurationList;
			buildConfigurations = (
				F4D48FB71CCE7D6500CD5817 /* Debug */,
				F4D48FB81CCE7D6500CD5817 /* Release */,
			);
			defaultConfigurationIsVisible = 0;
		};
/* End XCConfigurationList section */
	};
	rootObject = F4D48F9C1CCE7D6500CD5817 /* Project object */;
}
